// !$*UTF8*$!
{
	archiveVersion = 1;
	classes = {
	};
	objectVersion = 50;
	objects = {

/* Begin PBXBuildFile section */
		1444CD7D24EB0D8C008345E9 /* AppDelegate.swift in Sources */ = {isa = PBXBuildFile; fileRef = 1444CD7C24EB0D8C008345E9 /* AppDelegate.swift */; };
		1444CD7F24EB0D8C008345E9 /* SceneDelegate.swift in Sources */ = {isa = PBXBuildFile; fileRef = 1444CD7E24EB0D8C008345E9 /* SceneDelegate.swift */; };
		1444CD8124EB0D8C008345E9 /* HomeViewController.swift in Sources */ = {isa = PBXBuildFile; fileRef = 1444CD8024EB0D8C008345E9 /* HomeViewController.swift */; };
		1444CD8424EB0D8C008345E9 /* Main.storyboard in Resources */ = {isa = PBXBuildFile; fileRef = 1444CD8224EB0D8C008345E9 /* Main.storyboard */; };
		1444CD8624EB0D91008345E9 /* Assets.xcassets in Resources */ = {isa = PBXBuildFile; fileRef = 1444CD8524EB0D91008345E9 /* Assets.xcassets */; };
		1444CD8924EB0D91008345E9 /* LaunchScreen.storyboard in Resources */ = {isa = PBXBuildFile; fileRef = 1444CD8724EB0D91008345E9 /* LaunchScreen.storyboard */; };
		1444CD9324EB128B008345E9 /* OnboardingViewController.swift in Sources */ = {isa = PBXBuildFile; fileRef = 1444CD9224EB128B008345E9 /* OnboardingViewController.swift */; };
		1444CD9624EB164A008345E9 /* Constants.swift in Sources */ = {isa = PBXBuildFile; fileRef = 1444CD9524EB164A008345E9 /* Constants.swift */; };
		1444CD9824EB3147008345E9 /* UIKitExtensions.swift in Sources */ = {isa = PBXBuildFile; fileRef = 1444CD9724EB3147008345E9 /* UIKitExtensions.swift */; };
/* End PBXBuildFile section */

/* Begin PBXFileReference section */
		1444CD7924EB0D8C008345E9 /* Meme Creator.app */ = {isa = PBXFileReference; explicitFileType = wrapper.application; includeInIndex = 0; path = "Meme Creator.app"; sourceTree = BUILT_PRODUCTS_DIR; };
		1444CD7C24EB0D8C008345E9 /* AppDelegate.swift */ = {isa = PBXFileReference; lastKnownFileType = sourcecode.swift; path = AppDelegate.swift; sourceTree = "<group>"; };
		1444CD7E24EB0D8C008345E9 /* SceneDelegate.swift */ = {isa = PBXFileReference; lastKnownFileType = sourcecode.swift; path = SceneDelegate.swift; sourceTree = "<group>"; };
		1444CD8024EB0D8C008345E9 /* HomeViewController.swift */ = {isa = PBXFileReference; lastKnownFileType = sourcecode.swift; path = HomeViewController.swift; sourceTree = "<group>"; };
		1444CD8324EB0D8C008345E9 /* Base */ = {isa = PBXFileReference; lastKnownFileType = file.storyboard; name = Base; path = Base.lproj/Main.storyboard; sourceTree = "<group>"; };
		1444CD8524EB0D91008345E9 /* Assets.xcassets */ = {isa = PBXFileReference; lastKnownFileType = folder.assetcatalog; path = Assets.xcassets; sourceTree = "<group>"; };
		1444CD8824EB0D91008345E9 /* Base */ = {isa = PBXFileReference; lastKnownFileType = file.storyboard; name = Base; path = Base.lproj/LaunchScreen.storyboard; sourceTree = "<group>"; };
		1444CD8A24EB0D91008345E9 /* Info.plist */ = {isa = PBXFileReference; lastKnownFileType = text.plist.xml; path = Info.plist; sourceTree = "<group>"; };
		1444CD9224EB128B008345E9 /* OnboardingViewController.swift */ = {isa = PBXFileReference; lastKnownFileType = sourcecode.swift; path = OnboardingViewController.swift; sourceTree = "<group>"; };
		1444CD9524EB164A008345E9 /* Constants.swift */ = {isa = PBXFileReference; lastKnownFileType = sourcecode.swift; path = Constants.swift; sourceTree = "<group>"; };
		1444CD9724EB3147008345E9 /* UIKitExtensions.swift */ = {isa = PBXFileReference; lastKnownFileType = sourcecode.swift; path = UIKitExtensions.swift; sourceTree = "<group>"; };
/* End PBXFileReference section */

/* Begin PBXFrameworksBuildPhase section */
		1444CD7624EB0D8B008345E9 /* Frameworks */ = {
			isa = PBXFrameworksBuildPhase;
			buildActionMask = 2147483647;
			files = (
			);
			runOnlyForDeploymentPostprocessing = 0;
		};
/* End PBXFrameworksBuildPhase section */

/* Begin PBXGroup section */
		1444CD7024EB0D8B008345E9 = {
			isa = PBXGroup;
			children = (
				1444CD7B24EB0D8C008345E9 /* Meme Creator */,
				1444CD7A24EB0D8C008345E9 /* Products */,
			);
			sourceTree = "<group>";
		};
		1444CD7A24EB0D8C008345E9 /* Products */ = {
			isa = PBXGroup;
			children = (
				1444CD7924EB0D8C008345E9 /* Meme Creator.app */,
			);
			name = Products;
			sourceTree = "<group>";
		};
		1444CD7B24EB0D8C008345E9 /* Meme Creator */ = {
			isa = PBXGroup;
			children = (
				1444CD7C24EB0D8C008345E9 /* AppDelegate.swift */,
				1444CD7E24EB0D8C008345E9 /* SceneDelegate.swift */,
				1444CD9024EB1221008345E9 /* View */,
				1444CD9124EB122D008345E9 /* Controller */,
				1444CD9424EB1629008345E9 /* Utilities */,
				1444CD8524EB0D91008345E9 /* Assets.xcassets */,
				1444CD8724EB0D91008345E9 /* LaunchScreen.storyboard */,
				1444CD8A24EB0D91008345E9 /* Info.plist */,
			);
			path = "Meme Creator";
			sourceTree = "<group>";
		};
		1444CD9024EB1221008345E9 /* View */ = {
			isa = PBXGroup;
			children = (
				1444CD8224EB0D8C008345E9 /* Main.storyboard */,
			);
			path = View;
			sourceTree = "<group>";
		};
		1444CD9124EB122D008345E9 /* Controller */ = {
			isa = PBXGroup;
			children = (
				1444CD8024EB0D8C008345E9 /* HomeViewController.swift */,
				1444CD9224EB128B008345E9 /* OnboardingViewController.swift */,
			);
			path = Controller;
			sourceTree = "<group>";
		};
		1444CD9424EB1629008345E9 /* Utilities */ = {
			isa = PBXGroup;
			children = (
				1444CD9524EB164A008345E9 /* Constants.swift */,
				1444CD9724EB3147008345E9 /* UIKitExtensions.swift */,
			);
			path = Utilities;
			sourceTree = "<group>";
		};
/* End PBXGroup section */

/* Begin PBXNativeTarget section */
		1444CD7824EB0D8B008345E9 /* Meme Creator */ = {
			isa = PBXNativeTarget;
			buildConfigurationList = 1444CD8D24EB0D91008345E9 /* Build configuration list for PBXNativeTarget "Meme Creator" */;
			buildPhases = (
				1444CD7524EB0D8B008345E9 /* Sources */,
				1444CD7624EB0D8B008345E9 /* Frameworks */,
				1444CD7724EB0D8B008345E9 /* Resources */,
			);
			buildRules = (
			);
			dependencies = (
			);
			name = "Meme Creator";
			productName = "Meme Creator";
			productReference = 1444CD7924EB0D8C008345E9 /* Meme Creator.app */;
			productType = "com.apple.product-type.application";
		};
/* End PBXNativeTarget section */

/* Begin PBXProject section */
		1444CD7124EB0D8B008345E9 /* Project object */ = {
			isa = PBXProject;
			attributes = {
				LastSwiftUpdateCheck = 1160;
				LastUpgradeCheck = 1160;
				ORGANIZATIONNAME = "Ben Clarke";
				TargetAttributes = {
					1444CD7824EB0D8B008345E9 = {
						CreatedOnToolsVersion = 11.6;
					};
				};
			};
			buildConfigurationList = 1444CD7424EB0D8B008345E9 /* Build configuration list for PBXProject "Meme Creator" */;
			compatibilityVersion = "Xcode 9.3";
			developmentRegion = en;
			hasScannedForEncodings = 0;
			knownRegions = (
				en,
				Base,
			);
			mainGroup = 1444CD7024EB0D8B008345E9;
			productRefGroup = 1444CD7A24EB0D8C008345E9 /* Products */;
			projectDirPath = "";
			projectRoot = "";
			targets = (
				1444CD7824EB0D8B008345E9 /* Meme Creator */,
			);
		};
/* End PBXProject section */

/* Begin PBXResourcesBuildPhase section */
		1444CD7724EB0D8B008345E9 /* Resources */ = {
			isa = PBXResourcesBuildPhase;
			buildActionMask = 2147483647;
			files = (
				1444CD8924EB0D91008345E9 /* LaunchScreen.storyboard in Resources */,
				1444CD8624EB0D91008345E9 /* Assets.xcassets in Resources */,
				1444CD8424EB0D8C008345E9 /* Main.storyboard in Resources */,
			);
			runOnlyForDeploymentPostprocessing = 0;
		};
/* End PBXResourcesBuildPhase section */

/* Begin PBXSourcesBuildPhase section */
		1444CD7524EB0D8B008345E9 /* Sources */ = {
			isa = PBXSourcesBuildPhase;
			buildActionMask = 2147483647;
			files = (
				1444CD9624EB164A008345E9 /* Constants.swift in Sources */,
				1444CD8124EB0D8C008345E9 /* HomeViewController.swift in Sources */,
				1444CD9824EB3147008345E9 /* UIKitExtensions.swift in Sources */,
				1444CD7D24EB0D8C008345E9 /* AppDelegate.swift in Sources */,
				1444CD7F24EB0D8C008345E9 /* SceneDelegate.swift in Sources */,
				1444CD9324EB128B008345E9 /* OnboardingViewController.swift in Sources */,
			);
			runOnlyForDeploymentPostprocessing = 0;
		};
/* End PBXSourcesBuildPhase section */

/* Begin PBXVariantGroup section */
		1444CD8224EB0D8C008345E9 /* Main.storyboard */ = {
			isa = PBXVariantGroup;
			children = (
				1444CD8324EB0D8C008345E9 /* Base */,
			);
			name = Main.storyboard;
			sourceTree = "<group>";
		};
		1444CD8724EB0D91008345E9 /* LaunchScreen.storyboard */ = {
			isa = PBXVariantGroup;
			children = (
				1444CD8824EB0D91008345E9 /* Base */,
			);
			name = LaunchScreen.storyboard;
			sourceTree = "<group>";
		};
/* End PBXVariantGroup section */

/* Begin XCBuildConfiguration section */
		1444CD8B24EB0D91008345E9 /* Debug */ = {
			isa = XCBuildConfiguration;
			buildSettings = {
				ALWAYS_SEARCH_USER_PATHS = NO;
				CLANG_ANALYZER_NONNULL = YES;
				CLANG_ANALYZER_NUMBER_OBJECT_CONVERSION = YES_AGGRESSIVE;
				CLANG_CXX_LANGUAGE_STANDARD = "gnu++14";
				CLANG_CXX_LIBRARY = "libc++";
				CLANG_ENABLE_MODULES = YES;
				CLANG_ENABLE_OBJC_ARC = YES;
				CLANG_ENABLE_OBJC_WEAK = YES;
				CLANG_WARN_BLOCK_CAPTURE_AUTORELEASING = YES;
				CLANG_WARN_BOOL_CONVERSION = YES;
				CLANG_WARN_COMMA = YES;
				CLANG_WARN_CONSTANT_CONVERSION = YES;
				CLANG_WARN_DEPRECATED_OBJC_IMPLEMENTATIONS = YES;
				CLANG_WARN_DIRECT_OBJC_ISA_USAGE = YES_ERROR;
				CLANG_WARN_DOCUMENTATION_COMMENTS = YES;
				CLANG_WARN_EMPTY_BODY = YES;
				CLANG_WARN_ENUM_CONVERSION = YES;
				CLANG_WARN_INFINITE_RECURSION = YES;
				CLANG_WARN_INT_CONVERSION = YES;
				CLANG_WARN_NON_LITERAL_NULL_CONVERSION = YES;
				CLANG_WARN_OBJC_IMPLICIT_RETAIN_SELF = YES;
				CLANG_WARN_OBJC_LITERAL_CONVERSION = YES;
				CLANG_WARN_OBJC_ROOT_CLASS = YES_ERROR;
				CLANG_WARN_RANGE_LOOP_ANALYSIS = YES;
				CLANG_WARN_STRICT_PROTOTYPES = YES;
				CLANG_WARN_SUSPICIOUS_MOVE = YES;
				CLANG_WARN_UNGUARDED_AVAILABILITY = YES_AGGRESSIVE;
				CLANG_WARN_UNREACHABLE_CODE = YES;
				CLANG_WARN__DUPLICATE_METHOD_MATCH = YES;
				COPY_PHASE_STRIP = NO;
				DEBUG_INFORMATION_FORMAT = dwarf;
				ENABLE_STRICT_OBJC_MSGSEND = YES;
				ENABLE_TESTABILITY = YES;
				GCC_C_LANGUAGE_STANDARD = gnu11;
				GCC_DYNAMIC_NO_PIC = NO;
				GCC_NO_COMMON_BLOCKS = YES;
				GCC_OPTIMIZATION_LEVEL = 0;
				GCC_PREPROCESSOR_DEFINITIONS = (
					"DEBUG=1",
					"$(inherited)",
				);
				GCC_WARN_64_TO_32_BIT_CONVERSION = YES;
				GCC_WARN_ABOUT_RETURN_TYPE = YES_ERROR;
				GCC_WARN_UNDECLARED_SELECTOR = YES;
				GCC_WARN_UNINITIALIZED_AUTOS = YES_AGGRESSIVE;
				GCC_WARN_UNUSED_FUNCTION = YES;
				GCC_WARN_UNUSED_VARIABLE = YES;
				IPHONEOS_DEPLOYMENT_TARGET = 13.6;
				MTL_ENABLE_DEBUG_INFO = INCLUDE_SOURCE;
				MTL_FAST_MATH = YES;
				ONLY_ACTIVE_ARCH = YES;
				SDKROOT = iphoneos;
				SWIFT_ACTIVE_COMPILATION_CONDITIONS = DEBUG;
				SWIFT_OPTIMIZATION_LEVEL = "-Onone";
			};
			name = Debug;
		};
		1444CD8C24EB0D91008345E9 /* Release */ = {
			isa = XCBuildConfiguration;
			buildSettings = {
				ALWAYS_SEARCH_USER_PATHS = NO;
				CLANG_ANALYZER_NONNULL = YES;
				CLANG_ANALYZER_NUMBER_OBJECT_CONVERSION = YES_AGGRESSIVE;
				CLANG_CXX_LANGUAGE_STANDARD = "gnu++14";
				CLANG_CXX_LIBRARY = "libc++";
				CLANG_ENABLE_MODULES = YES;
				CLANG_ENABLE_OBJC_ARC = YES;
				CLANG_ENABLE_OBJC_WEAK = YES;
				CLANG_WARN_BLOCK_CAPTURE_AUTORELEASING = YES;
				CLANG_WARN_BOOL_CONVERSION = YES;
				CLANG_WARN_COMMA = YES;
				CLANG_WARN_CONSTANT_CONVERSION = YES;
				CLANG_WARN_DEPRECATED_OBJC_IMPLEMENTATIONS = YES;
				CLANG_WARN_DIRECT_OBJC_ISA_USAGE = YES_ERROR;
				CLANG_WARN_DOCUMENTATION_COMMENTS = YES;
				CLANG_WARN_EMPTY_BODY = YES;
				CLANG_WARN_ENUM_CONVERSION = YES;
				CLANG_WARN_INFINITE_RECURSION = YES;
				CLANG_WARN_INT_CONVERSION = YES;
				CLANG_WARN_NON_LITERAL_NULL_CONVERSION = YES;
				CLANG_WARN_OBJC_IMPLICIT_RETAIN_SELF = YES;
				CLANG_WARN_OBJC_LITERAL_CONVERSION = YES;
				CLANG_WARN_OBJC_ROOT_CLASS = YES_ERROR;
				CLANG_WARN_RANGE_LOOP_ANALYSIS = YES;
				CLANG_WARN_STRICT_PROTOTYPES = YES;
				CLANG_WARN_SUSPICIOUS_MOVE = YES;
				CLANG_WARN_UNGUARDED_AVAILABILITY = YES_AGGRESSIVE;
				CLANG_WARN_UNREACHABLE_CODE = YES;
				CLANG_WARN__DUPLICATE_METHOD_MATCH = YES;
				COPY_PHASE_STRIP = NO;
				DEBUG_INFORMATION_FORMAT = "dwarf-with-dsym";
				ENABLE_NS_ASSERTIONS = NO;
				ENABLE_STRICT_OBJC_MSGSEND = YES;
				GCC_C_LANGUAGE_STANDARD = gnu11;
				GCC_NO_COMMON_BLOCKS = YES;
				GCC_WARN_64_TO_32_BIT_CONVERSION = YES;
				GCC_WARN_ABOUT_RETURN_TYPE = YES_ERROR;
				GCC_WARN_UNDECLARED_SELECTOR = YES;
				GCC_WARN_UNINITIALIZED_AUTOS = YES_AGGRESSIVE;
				GCC_WARN_UNUSED_FUNCTION = YES;
				GCC_WARN_UNUSED_VARIABLE = YES;
				IPHONEOS_DEPLOYMENT_TARGET = 13.6;
				MTL_ENABLE_DEBUG_INFO = NO;
				MTL_FAST_MATH = YES;
				SDKROOT = iphoneos;
				SWIFT_COMPILATION_MODE = wholemodule;
				SWIFT_OPTIMIZATION_LEVEL = "-O";
				VALIDATE_PRODUCT = YES;
			};
			name = Release;
		};
		1444CD8E24EB0D91008345E9 /* Debug */ = {
			isa = XCBuildConfiguration;
			buildSettings = {
				ASSETCATALOG_COMPILER_APPICON_NAME = AppIcon;
				CODE_SIGN_STYLE = Automatic;
				INFOPLIST_FILE = "Meme Creator/Info.plist";
				LD_RUNPATH_SEARCH_PATHS = (
					"$(inherited)",
					"@executable_path/Frameworks",
				);
				PRODUCT_BUNDLE_IDENTIFIER = "com.vikingskullapps.Meme-Creator";
				PRODUCT_NAME = "$(TARGET_NAME)";
				SWIFT_VERSION = 5.0;
				TARGETED_DEVICE_FAMILY = "1,2";
			};
			name = Debug;
		};
		1444CD8F24EB0D91008345E9 /* Release */ = {
			isa = XCBuildConfiguration;
			buildSettings = {
				ASSETCATALOG_COMPILER_APPICON_NAME = AppIcon;
				CODE_SIGN_STYLE = Automatic;
				INFOPLIST_FILE = "Meme Creator/Info.plist";
				LD_RUNPATH_SEARCH_PATHS = (
					"$(inherited)",
					"@executable_path/Frameworks",
				);
				PRODUCT_BUNDLE_IDENTIFIER = "com.vikingskullapps.Meme-Creator";
				PRODUCT_NAME = "$(TARGET_NAME)";
				SWIFT_VERSION = 5.0;
				TARGETED_DEVICE_FAMILY = "1,2";
			};
			name = Release;
		};
/* End XCBuildConfiguration section */

/* Begin XCConfigurationList section */
		1444CD7424EB0D8B008345E9 /* Build configuration list for PBXProject "Meme Creator" */ = {
			isa = XCConfigurationList;
			buildConfigurations = (
				1444CD8B24EB0D91008345E9 /* Debug */,
				1444CD8C24EB0D91008345E9 /* Release */,
			);
			defaultConfigurationIsVisible = 0;
			defaultConfigurationName = Release;
		};
		1444CD8D24EB0D91008345E9 /* Build configuration list for PBXNativeTarget "Meme Creator" */ = {
			isa = XCConfigurationList;
			buildConfigurations = (
				1444CD8E24EB0D91008345E9 /* Debug */,
				1444CD8F24EB0D91008345E9 /* Release */,
			);
			defaultConfigurationIsVisible = 0;
			defaultConfigurationName = Release;
		};
/* End XCConfigurationList section */
	};
	rootObject = 1444CD7124EB0D8B008345E9 /* Project object */;
}
